// !$*UTF8*$!
{
	archiveVersion = 1;
	classes = {
	};
	objectVersion = 46;
	objects = {

/* Begin PBXBuildFile section */
		380F67AD1F16886100DBD5EC /* User.swift in Sources */ = {isa = PBXBuildFile; fileRef = 380F67AC1F16886100DBD5EC /* User.swift */; };
		380F67AF1F16A33B00DBD5EC /* CreateUsernameViewController.swift in Sources */ = {isa = PBXBuildFile; fileRef = 380F67AE1F16A33B00DBD5EC /* CreateUsernameViewController.swift */; };
		380F67B11F16E5DE00DBD5EC /* UserService.swift in Sources */ = {isa = PBXBuildFile; fileRef = 380F67B01F16E5DE00DBD5EC /* UserService.swift */; };
		380F67B31F17EEAB00DBD5EC /* Constants.swift in Sources */ = {isa = PBXBuildFile; fileRef = 380F67B21F17EEAB00DBD5EC /* Constants.swift */; };
		380F67B61F17EF4100DBD5EC /* Storyboard+Utility.swift in Sources */ = {isa = PBXBuildFile; fileRef = 380F67B51F17EF4100DBD5EC /* Storyboard+Utility.swift */; };
		380F67B81F18218600DBD5EC /* MainViewController.swift in Sources */ = {isa = PBXBuildFile; fileRef = 380F67B71F18218600DBD5EC /* MainViewController.swift */; };
		380F67BA1F194BCD00DBD5EC /* EditPostVC.swift in Sources */ = {isa = PBXBuildFile; fileRef = 380F67B91F194BCC00DBD5EC /* EditPostVC.swift */; };
		380F67BD1F19881500DBD5EC /* BounceCAT.swift in Sources */ = {isa = PBXBuildFile; fileRef = 380F67BC1F19881500DBD5EC /* BounceCAT.swift */; };
		380F67BF1F1D20F600DBD5EC /* DimmingPC.swift in Sources */ = {isa = PBXBuildFile; fileRef = 380F67BE1F1D20F600DBD5EC /* DimmingPC.swift */; };
		380F67C11F1D231A00DBD5EC /* GradientView.swift in Sources */ = {isa = PBXBuildFile; fileRef = 380F67C01F1D231A00DBD5EC /* GradientView.swift */; };
		380F67C31F1D26AA00DBD5EC /* SlideOutCAT.swift in Sources */ = {isa = PBXBuildFile; fileRef = 380F67C21F1D26AA00DBD5EC /* SlideOutCAT.swift */; };
		380F67C51F1ED53000DBD5EC /* Post.swift in Sources */ = {isa = PBXBuildFile; fileRef = 380F67C41F1ED53000DBD5EC /* Post.swift */; };
		380F67C71F1F408400DBD5EC /* PostService.swift in Sources */ = {isa = PBXBuildFile; fileRef = 380F67C61F1F408400DBD5EC /* PostService.swift */; };
		380F67C91F1FFC2100DBD5EC /* StorageReference+Post.swift in Sources */ = {isa = PBXBuildFile; fileRef = 380F67C81F1FFC2100DBD5EC /* StorageReference+Post.swift */; };
		380F67CB1F200BAD00DBD5EC /* PostHeaderCell.swift in Sources */ = {isa = PBXBuildFile; fileRef = 380F67CA1F200BAD00DBD5EC /* PostHeaderCell.swift */; };
		380F67CF1F20101300DBD5EC /* PostDisplayCell.swift in Sources */ = {isa = PBXBuildFile; fileRef = 380F67CE1F20101300DBD5EC /* PostDisplayCell.swift */; };
		380F67D11F2016FD00DBD5EC /* PostActionCell.swift in Sources */ = {isa = PBXBuildFile; fileRef = 380F67D01F2016FD00DBD5EC /* PostActionCell.swift */; };
		380F67D31F2025C100DBD5EC /* StorageService.swift in Sources */ = {isa = PBXBuildFile; fileRef = 380F67D21F2025C100DBD5EC /* StorageService.swift */; };
		380F67D51F20474900DBD5EC /* notes.strings in Resources */ = {isa = PBXBuildFile; fileRef = 380F67D41F20474900DBD5EC /* notes.strings */; };
		380F67D91F21DA2C00DBD5EC /* FollowService.swift in Sources */ = {isa = PBXBuildFile; fileRef = 380F67D81F21DA2C00DBD5EC /* FollowService.swift */; };
		380F67DD1F21E1EA00DBD5EC /* NetworkTableViewCell.swift in Sources */ = {isa = PBXBuildFile; fileRef = 380F67DC1F21E1EA00DBD5EC /* NetworkTableViewCell.swift */; };
		384AA55E1F28750C0092E1CD /* NearbyViewController.swift in Sources */ = {isa = PBXBuildFile; fileRef = 384AA55D1F28750C0092E1CD /* NearbyViewController.swift */; };
		384AA5651F2BAB510092E1CD /* LikeService.swift in Sources */ = {isa = PBXBuildFile; fileRef = 384AA5641F2BAB510092E1CD /* LikeService.swift */; };
		384AA5671F2BAB680092E1CD /* NetworkViewController.swift in Sources */ = {isa = PBXBuildFile; fileRef = 384AA5661F2BAB680092E1CD /* NetworkViewController.swift */; };
		384AA5691F2BAB730092E1CD /* SearchViewController.swift in Sources */ = {isa = PBXBuildFile; fileRef = 384AA5681F2BAB730092E1CD /* SearchViewController.swift */; };
		384AA56C1F2BAB960092E1CD /* LocationManager.swift in Sources */ = {isa = PBXBuildFile; fileRef = 384AA56B1F2BAB960092E1CD /* LocationManager.swift */; };
		384AA5C51F3048ED0092E1CD /* MessageViewController.swift in Sources */ = {isa = PBXBuildFile; fileRef = 384AA5C41F3048ED0092E1CD /* MessageViewController.swift */; };
		384AA63C1F3069BE0092E1CD /* Message.m in Sources */ = {isa = PBXBuildFile; fileRef = 384AA63B1F3069BE0092E1CD /* Message.m */; };
		384AA63E1F3069E00092E1CD /* MessageTableViewCell.m in Sources */ = {isa = PBXBuildFile; fileRef = 384AA63D1F3069E00092E1CD /* MessageTableViewCell.m */; };
		384AA6421F306A940092E1CD /* MessageTextView.m in Sources */ = {isa = PBXBuildFile; fileRef = 384AA6411F306A940092E1CD /* MessageTextView.m */; };
		384AA6451F306AF50092E1CD /* TypingIndicatorView.m in Sources */ = {isa = PBXBuildFile; fileRef = 384AA6441F306AF50092E1CD /* TypingIndicatorView.m */; };
		384AA6641F306BB70092E1CD /* SLKInputAccessoryView.m in Sources */ = {isa = PBXBuildFile; fileRef = 384AA6471F306BB70092E1CD /* SLKInputAccessoryView.m */; };
		384AA6651F306BB70092E1CD /* SLKTextInput+Implementation.m in Sources */ = {isa = PBXBuildFile; fileRef = 384AA6491F306BB70092E1CD /* SLKTextInput+Implementation.m */; };
		384AA6661F306BB70092E1CD /* SLKTextInputbar.m in Sources */ = {isa = PBXBuildFile; fileRef = 384AA64B1F306BB70092E1CD /* SLKTextInputbar.m */; };
		384AA6671F306BB70092E1CD /* SLKTextView.m in Sources */ = {isa = PBXBuildFile; fileRef = 384AA64D1F306BB70092E1CD /* SLKTextView.m */; };
		384AA6681F306BB70092E1CD /* SLKTextView+SLKAdditions.m in Sources */ = {isa = PBXBuildFile; fileRef = 384AA64F1F306BB70092E1CD /* SLKTextView+SLKAdditions.m */; };
		384AA6691F306BB70092E1CD /* SLKTextViewController.m in Sources */ = {isa = PBXBuildFile; fileRef = 384AA6511F306BB70092E1CD /* SLKTextViewController.m */; };
		384AA66A1F306BB70092E1CD /* SLKTypingIndicatorView.m in Sources */ = {isa = PBXBuildFile; fileRef = 384AA6541F306BB70092E1CD /* SLKTypingIndicatorView.m */; };
		384AA66B1F306BB70092E1CD /* UIResponder+SLKAdditions.m in Sources */ = {isa = PBXBuildFile; fileRef = 384AA6571F306BB70092E1CD /* UIResponder+SLKAdditions.m */; };
		384AA66C1F306BB70092E1CD /* UIScrollView+SLKAdditions.m in Sources */ = {isa = PBXBuildFile; fileRef = 384AA6591F306BB70092E1CD /* UIScrollView+SLKAdditions.m */; };
		384AA66D1F306BB70092E1CD /* UIView+SLKAdditions.m in Sources */ = {isa = PBXBuildFile; fileRef = 384AA65B1F306BB70092E1CD /* UIView+SLKAdditions.m */; };
		384AA66E1F306BB70092E1CD /* Info.plist in Resources */ = {isa = PBXBuildFile; fileRef = 384AA65C1F306BB70092E1CD /* Info.plist */; };
		384AA66F1F306BB70092E1CD /* SlackTextViewController.xcconfig in Resources */ = {isa = PBXBuildFile; fileRef = 384AA65E1F306BB70092E1CD /* SlackTextViewController.xcconfig */; };
		384AA6701F306BB70092E1CD /* SlackTextViewController-dummy.m in Sources */ = {isa = PBXBuildFile; fileRef = 384AA65F1F306BB70092E1CD /* SlackTextViewController-dummy.m */; };
		384AA67B1F306BBF0092E1CD /* LoremIpsum.m in Sources */ = {isa = PBXBuildFile; fileRef = 384AA6721F306BBF0092E1CD /* LoremIpsum.m */; };
		384AA67C1F306BBF0092E1CD /* Info.plist in Resources */ = {isa = PBXBuildFile; fileRef = 384AA6731F306BBF0092E1CD /* Info.plist */; };
		384AA67D1F306BBF0092E1CD /* LoremIpsum.xcconfig in Resources */ = {isa = PBXBuildFile; fileRef = 384AA6751F306BBF0092E1CD /* LoremIpsum.xcconfig */; };
		384AA67E1F306BBF0092E1CD /* LoremIpsum-dummy.m in Sources */ = {isa = PBXBuildFile; fileRef = 384AA6761F306BBF0092E1CD /* LoremIpsum-dummy.m */; };
		384AA6881F3129990092E1CD /* GoogleService-Info.plist in Resources */ = {isa = PBXBuildFile; fileRef = 384AA6871F3129990092E1CD /* GoogleService-Info.plist */; };
		384AA68A1F312EB00092E1CD /* Chat.swift in Sources */ = {isa = PBXBuildFile; fileRef = 384AA6891F312EB00092E1CD /* Chat.swift */; };
		384AA68C1F312F160092E1CD /* Message.swift in Sources */ = {isa = PBXBuildFile; fileRef = 384AA68B1F312F160092E1CD /* Message.swift */; };
		384AA68E1F312FF60092E1CD /* ChatService.swift in Sources */ = {isa = PBXBuildFile; fileRef = 384AA68D1F312FF60092E1CD /* ChatService.swift */; };
		384AA6921F3139830092E1CD /* ChatListCell.swift in Sources */ = {isa = PBXBuildFile; fileRef = 384AA6911F3139830092E1CD /* ChatListCell.swift */; };
		384AA6941F313FD90092E1CD /* NewChatViewController.swift in Sources */ = {isa = PBXBuildFile; fileRef = 384AA6931F313FD90092E1CD /* NewChatViewController.swift */; };
		384AA6961F31465D0092E1CD /* NewChatUserCell.swift in Sources */ = {isa = PBXBuildFile; fileRef = 384AA6951F31465D0092E1CD /* NewChatUserCell.swift */; };
		384AA6981F31490E0092E1CD /* ChatViewController.swift in Sources */ = {isa = PBXBuildFile; fileRef = 384AA6971F31490E0092E1CD /* ChatViewController.swift */; };
		384AA69A1F3243890092E1CD /* ChatListViewController.swift in Sources */ = {isa = PBXBuildFile; fileRef = 384AA6991F3243890092E1CD /* ChatListViewController.swift */; };
		384AA69C1F32CDB10092E1CD /* APIClient.swift in Sources */ = {isa = PBXBuildFile; fileRef = 384AA69B1F32CDB10092E1CD /* APIClient.swift */; };
		384AA69E1F339CB80092E1CD /* Utils.swift in Sources */ = {isa = PBXBuildFile; fileRef = 384AA69D1F339CB80092E1CD /* Utils.swift */; };
		384AA6A01F33BE170092E1CD /* String.swift in Sources */ = {isa = PBXBuildFile; fileRef = 384AA69F1F33BE170092E1CD /* String.swift */; };
		384AA6A21F33D0A30092E1CD /* NSURL.swift in Sources */ = {isa = PBXBuildFile; fileRef = 384AA6A11F33D0A30092E1CD /* NSURL.swift */; };
		3864F8A51F3914F30041D21C /* GraphApiVC.swift in Sources */ = {isa = PBXBuildFile; fileRef = 3864F8A41F3914F30041D21C /* GraphApiVC.swift */; };
		3864F8B21F3BA9D40041D21C /* APIGraphObjects.swift in Sources */ = {isa = PBXBuildFile; fileRef = 3864F8B11F3BA9D40041D21C /* APIGraphObjects.swift */; };
		388C9D591F13EAF8002C1164 /* AppDelegate.swift in Sources */ = {isa = PBXBuildFile; fileRef = 388C9D581F13EAF8002C1164 /* AppDelegate.swift */; };
		388C9D5B1F13EAF8002C1164 /* ViewController.swift in Sources */ = {isa = PBXBuildFile; fileRef = 388C9D5A1F13EAF8002C1164 /* ViewController.swift */; };
		388C9D5E1F13EAF8002C1164 /* Main.storyboard in Resources */ = {isa = PBXBuildFile; fileRef = 388C9D5C1F13EAF8002C1164 /* Main.storyboard */; };
		388C9D601F13EAF8002C1164 /* Assets.xcassets in Resources */ = {isa = PBXBuildFile; fileRef = 388C9D5F1F13EAF8002C1164 /* Assets.xcassets */; };
		388C9D631F13EAF8002C1164 /* LaunchScreen.storyboard in Resources */ = {isa = PBXBuildFile; fileRef = 388C9D611F13EAF8002C1164 /* LaunchScreen.storyboard */; };
		388C9D771F1536F8002C1164 /* LoginViewController.swift in Sources */ = {isa = PBXBuildFile; fileRef = 388C9D761F1536F8002C1164 /* LoginViewController.swift */; };
		388C9D791F153728002C1164 /* Login.storyboard in Resources */ = {isa = PBXBuildFile; fileRef = 388C9D781F153728002C1164 /* Login.storyboard */; };
		38E353ED1F2703F900FBA056 /* AddressDecoder.swift in Sources */ = {isa = PBXBuildFile; fileRef = 38E353EC1F2703F900FBA056 /* AddressDecoder.swift */; };
		6066344BCBE3D2BE9BCD5EA2 /* Pods_WICS.framework in Frameworks */ = {isa = PBXBuildFile; fileRef = C669F13B24C3BE00CAA12DEA /* Pods_WICS.framework */; };
/* End PBXBuildFile section */

/* Begin PBXFileReference section */
		1792BB123BADB3AAA5309E3B /* Pods-WICS.debug.xcconfig */ = {isa = PBXFileReference; includeInIndex = 1; lastKnownFileType = text.xcconfig; name = "Pods-WICS.debug.xcconfig"; path = "Pods/Target Support Files/Pods-WICS/Pods-WICS.debug.xcconfig"; sourceTree = "<group>"; };
		380F67AC1F16886100DBD5EC /* User.swift */ = {isa = PBXFileReference; fileEncoding = 4; lastKnownFileType = sourcecode.swift; path = User.swift; sourceTree = "<group>"; };
		380F67AE1F16A33B00DBD5EC /* CreateUsernameViewController.swift */ = {isa = PBXFileReference; fileEncoding = 4; lastKnownFileType = sourcecode.swift; name = CreateUsernameViewController.swift; path = WICS/CreateUsernameViewController.swift; sourceTree = "<group>"; };
		380F67B01F16E5DE00DBD5EC /* UserService.swift */ = {isa = PBXFileReference; fileEncoding = 4; lastKnownFileType = sourcecode.swift; name = UserService.swift; path = WICS/UserService.swift; sourceTree = "<group>"; };
		380F67B21F17EEAB00DBD5EC /* Constants.swift */ = {isa = PBXFileReference; fileEncoding = 4; lastKnownFileType = sourcecode.swift; name = Constants.swift; path = WICS/Constants.swift; sourceTree = "<group>"; };
		380F67B51F17EF4100DBD5EC /* Storyboard+Utility.swift */ = {isa = PBXFileReference; fileEncoding = 4; lastKnownFileType = sourcecode.swift; path = "Storyboard+Utility.swift"; sourceTree = "<group>"; };
		380F67B71F18218600DBD5EC /* MainViewController.swift */ = {isa = PBXFileReference; fileEncoding = 4; lastKnownFileType = sourcecode.swift; name = MainViewController.swift; path = WICS/MainViewController.swift; sourceTree = "<group>"; };
		380F67B91F194BCC00DBD5EC /* EditPostVC.swift */ = {isa = PBXFileReference; fileEncoding = 4; lastKnownFileType = sourcecode.swift; name = EditPostVC.swift; path = WICS/EditPostVC.swift; sourceTree = "<group>"; };
		380F67BC1F19881500DBD5EC /* BounceCAT.swift */ = {isa = PBXFileReference; fileEncoding = 4; lastKnownFileType = sourcecode.swift; path = BounceCAT.swift; sourceTree = "<group>"; };
		380F67BE1F1D20F600DBD5EC /* DimmingPC.swift */ = {isa = PBXFileReference; fileEncoding = 4; lastKnownFileType = sourcecode.swift; path = DimmingPC.swift; sourceTree = "<group>"; };
		380F67C01F1D231A00DBD5EC /* GradientView.swift */ = {isa = PBXFileReference; fileEncoding = 4; lastKnownFileType = sourcecode.swift; path = GradientView.swift; sourceTree = "<group>"; };
		380F67C21F1D26AA00DBD5EC /* SlideOutCAT.swift */ = {isa = PBXFileReference; fileEncoding = 4; lastKnownFileType = sourcecode.swift; path = SlideOutCAT.swift; sourceTree = "<group>"; };
		380F67C41F1ED53000DBD5EC /* Post.swift */ = {isa = PBXFileReference; fileEncoding = 4; lastKnownFileType = sourcecode.swift; path = Post.swift; sourceTree = "<group>"; };
		380F67C61F1F408400DBD5EC /* PostService.swift */ = {isa = PBXFileReference; fileEncoding = 4; lastKnownFileType = sourcecode.swift; name = PostService.swift; path = WICS/PostService.swift; sourceTree = "<group>"; };
		380F67C81F1FFC2100DBD5EC /* StorageReference+Post.swift */ = {isa = PBXFileReference; fileEncoding = 4; lastKnownFileType = sourcecode.swift; path = "StorageReference+Post.swift"; sourceTree = "<group>"; };
		380F67CA1F200BAD00DBD5EC /* PostHeaderCell.swift */ = {isa = PBXFileReference; fileEncoding = 4; lastKnownFileType = sourcecode.swift; path = PostHeaderCell.swift; sourceTree = "<group>"; };
		380F67CE1F20101300DBD5EC /* PostDisplayCell.swift */ = {isa = PBXFileReference; fileEncoding = 4; lastKnownFileType = sourcecode.swift; path = PostDisplayCell.swift; sourceTree = "<group>"; };
		380F67D01F2016FD00DBD5EC /* PostActionCell.swift */ = {isa = PBXFileReference; fileEncoding = 4; lastKnownFileType = sourcecode.swift; path = PostActionCell.swift; sourceTree = "<group>"; };
		380F67D21F2025C100DBD5EC /* StorageService.swift */ = {isa = PBXFileReference; fileEncoding = 4; lastKnownFileType = sourcecode.swift; name = StorageService.swift; path = WICS/StorageService.swift; sourceTree = "<group>"; };
		380F67D41F20474900DBD5EC /* notes.strings */ = {isa = PBXFileReference; fileEncoding = 4; lastKnownFileType = text.plist.strings; path = notes.strings; sourceTree = "<group>"; };
		380F67D81F21DA2C00DBD5EC /* FollowService.swift */ = {isa = PBXFileReference; fileEncoding = 4; lastKnownFileType = sourcecode.swift; name = FollowService.swift; path = WICS/FollowService.swift; sourceTree = "<group>"; };
		380F67DC1F21E1EA00DBD5EC /* NetworkTableViewCell.swift */ = {isa = PBXFileReference; fileEncoding = 4; lastKnownFileType = sourcecode.swift; path = NetworkTableViewCell.swift; sourceTree = "<group>"; };
		384AA55D1F28750C0092E1CD /* NearbyViewController.swift */ = {isa = PBXFileReference; fileEncoding = 4; lastKnownFileType = sourcecode.swift; name = NearbyViewController.swift; path = WICS/NearbyViewController.swift; sourceTree = "<group>"; };
		384AA5641F2BAB510092E1CD /* LikeService.swift */ = {isa = PBXFileReference; fileEncoding = 4; lastKnownFileType = sourcecode.swift; name = LikeService.swift; path = WICS/LikeService.swift; sourceTree = "<group>"; };
		384AA5661F2BAB680092E1CD /* NetworkViewController.swift */ = {isa = PBXFileReference; fileEncoding = 4; lastKnownFileType = sourcecode.swift; name = NetworkViewController.swift; path = WICS/NetworkViewController.swift; sourceTree = "<group>"; };
		384AA5681F2BAB730092E1CD /* SearchViewController.swift */ = {isa = PBXFileReference; fileEncoding = 4; lastKnownFileType = sourcecode.swift; name = SearchViewController.swift; path = WICS/SearchViewController.swift; sourceTree = "<group>"; };
		384AA56B1F2BAB960092E1CD /* LocationManager.swift */ = {isa = PBXFileReference; fileEncoding = 4; lastKnownFileType = sourcecode.swift; path = LocationManager.swift; sourceTree = "<group>"; };
		384AA5C41F3048ED0092E1CD /* MessageViewController.swift */ = {isa = PBXFileReference; fileEncoding = 4; lastKnownFileType = sourcecode.swift; path = MessageViewController.swift; sourceTree = "<group>"; };
		384AA5C61F30564B0092E1CD /* WICS-Bridging-MyHeader.h */ = {isa = PBXFileReference; fileEncoding = 4; lastKnownFileType = sourcecode.c.h; path = "WICS-Bridging-MyHeader.h"; sourceTree = "<group>"; };
		384AA63A1F30698C0092E1CD /* Message.h */ = {isa = PBXFileReference; lastKnownFileType = sourcecode.c.h; path = Message.h; sourceTree = "<group>"; };
		384AA63B1F3069BE0092E1CD /* Message.m */ = {isa = PBXFileReference; fileEncoding = 4; lastKnownFileType = sourcecode.c.objc; path = Message.m; sourceTree = "<group>"; };
		384AA63D1F3069E00092E1CD /* MessageTableViewCell.m */ = {isa = PBXFileReference; fileEncoding = 4; lastKnownFileType = sourcecode.c.objc; path = MessageTableViewCell.m; sourceTree = "<group>"; };
		384AA63F1F306A060092E1CD /* MessageTableViewCell.h */ = {isa = PBXFileReference; lastKnownFileType = sourcecode.c.h; path = MessageTableViewCell.h; sourceTree = "<group>"; };
		384AA6401F306A730092E1CD /* MessageTextView.h */ = {isa = PBXFileReference; lastKnownFileType = sourcecode.c.h; path = MessageTextView.h; sourceTree = "<group>"; };
		384AA6411F306A940092E1CD /* MessageTextView.m */ = {isa = PBXFileReference; fileEncoding = 4; lastKnownFileType = sourcecode.c.objc; path = MessageTextView.m; sourceTree = "<group>"; };
		384AA6431F306ACD0092E1CD /* TypingIndicatorView.h */ = {isa = PBXFileReference; lastKnownFileType = sourcecode.c.h; path = TypingIndicatorView.h; sourceTree = "<group>"; };
		384AA6441F306AF50092E1CD /* TypingIndicatorView.m */ = {isa = PBXFileReference; fileEncoding = 4; lastKnownFileType = sourcecode.c.objc; path = TypingIndicatorView.m; sourceTree = "<group>"; };
		384AA6461F306BB70092E1CD /* SLKInputAccessoryView.h */ = {isa = PBXFileReference; fileEncoding = 4; lastKnownFileType = sourcecode.c.h; name = SLKInputAccessoryView.h; path = Source/SLKInputAccessoryView.h; sourceTree = "<group>"; };
		384AA6471F306BB70092E1CD /* SLKInputAccessoryView.m */ = {isa = PBXFileReference; fileEncoding = 4; lastKnownFileType = sourcecode.c.objc; name = SLKInputAccessoryView.m; path = Source/SLKInputAccessoryView.m; sourceTree = "<group>"; };
		384AA6481F306BB70092E1CD /* SLKTextInput.h */ = {isa = PBXFileReference; fileEncoding = 4; lastKnownFileType = sourcecode.c.h; name = SLKTextInput.h; path = Source/SLKTextInput.h; sourceTree = "<group>"; };
		384AA6491F306BB70092E1CD /* SLKTextInput+Implementation.m */ = {isa = PBXFileReference; fileEncoding = 4; lastKnownFileType = sourcecode.c.objc; name = "SLKTextInput+Implementation.m"; path = "Source/SLKTextInput+Implementation.m"; sourceTree = "<group>"; };
		384AA64A1F306BB70092E1CD /* SLKTextInputbar.h */ = {isa = PBXFileReference; fileEncoding = 4; lastKnownFileType = sourcecode.c.h; name = SLKTextInputbar.h; path = Source/SLKTextInputbar.h; sourceTree = "<group>"; };
		384AA64B1F306BB70092E1CD /* SLKTextInputbar.m */ = {isa = PBXFileReference; fileEncoding = 4; lastKnownFileType = sourcecode.c.objc; name = SLKTextInputbar.m; path = Source/SLKTextInputbar.m; sourceTree = "<group>"; };
		384AA64C1F306BB70092E1CD /* SLKTextView.h */ = {isa = PBXFileReference; fileEncoding = 4; lastKnownFileType = sourcecode.c.h; name = SLKTextView.h; path = Source/SLKTextView.h; sourceTree = "<group>"; };
		384AA64D1F306BB70092E1CD /* SLKTextView.m */ = {isa = PBXFileReference; fileEncoding = 4; lastKnownFileType = sourcecode.c.objc; name = SLKTextView.m; path = Source/SLKTextView.m; sourceTree = "<group>"; };
		384AA64E1F306BB70092E1CD /* SLKTextView+SLKAdditions.h */ = {isa = PBXFileReference; fileEncoding = 4; lastKnownFileType = sourcecode.c.h; name = "SLKTextView+SLKAdditions.h"; path = "Source/SLKTextView+SLKAdditions.h"; sourceTree = "<group>"; };
		384AA64F1F306BB70092E1CD /* SLKTextView+SLKAdditions.m */ = {isa = PBXFileReference; fileEncoding = 4; lastKnownFileType = sourcecode.c.objc; name = "SLKTextView+SLKAdditions.m"; path = "Source/SLKTextView+SLKAdditions.m"; sourceTree = "<group>"; };
		384AA6501F306BB70092E1CD /* SLKTextViewController.h */ = {isa = PBXFileReference; fileEncoding = 4; lastKnownFileType = sourcecode.c.h; name = SLKTextViewController.h; path = Source/SLKTextViewController.h; sourceTree = "<group>"; };
		384AA6511F306BB70092E1CD /* SLKTextViewController.m */ = {isa = PBXFileReference; fileEncoding = 4; lastKnownFileType = sourcecode.c.objc; name = SLKTextViewController.m; path = Source/SLKTextViewController.m; sourceTree = "<group>"; };
		384AA6521F306BB70092E1CD /* SLKTypingIndicatorProtocol.h */ = {isa = PBXFileReference; fileEncoding = 4; lastKnownFileType = sourcecode.c.h; name = SLKTypingIndicatorProtocol.h; path = Source/SLKTypingIndicatorProtocol.h; sourceTree = "<group>"; };
		384AA6531F306BB70092E1CD /* SLKTypingIndicatorView.h */ = {isa = PBXFileReference; fileEncoding = 4; lastKnownFileType = sourcecode.c.h; name = SLKTypingIndicatorView.h; path = Source/SLKTypingIndicatorView.h; sourceTree = "<group>"; };
		384AA6541F306BB70092E1CD /* SLKTypingIndicatorView.m */ = {isa = PBXFileReference; fileEncoding = 4; lastKnownFileType = sourcecode.c.objc; name = SLKTypingIndicatorView.m; path = Source/SLKTypingIndicatorView.m; sourceTree = "<group>"; };
		384AA6551F306BB70092E1CD /* SLKUIConstants.h */ = {isa = PBXFileReference; fileEncoding = 4; lastKnownFileType = sourcecode.c.h; name = SLKUIConstants.h; path = Source/SLKUIConstants.h; sourceTree = "<group>"; };
		384AA6561F306BB70092E1CD /* UIResponder+SLKAdditions.h */ = {isa = PBXFileReference; fileEncoding = 4; lastKnownFileType = sourcecode.c.h; name = "UIResponder+SLKAdditions.h"; path = "Source/UIResponder+SLKAdditions.h"; sourceTree = "<group>"; };
		384AA6571F306BB70092E1CD /* UIResponder+SLKAdditions.m */ = {isa = PBXFileReference; fileEncoding = 4; lastKnownFileType = sourcecode.c.objc; name = "UIResponder+SLKAdditions.m"; path = "Source/UIResponder+SLKAdditions.m"; sourceTree = "<group>"; };
		384AA6581F306BB70092E1CD /* UIScrollView+SLKAdditions.h */ = {isa = PBXFileReference; fileEncoding = 4; lastKnownFileType = sourcecode.c.h; name = "UIScrollView+SLKAdditions.h"; path = "Source/UIScrollView+SLKAdditions.h"; sourceTree = "<group>"; };
		384AA6591F306BB70092E1CD /* UIScrollView+SLKAdditions.m */ = {isa = PBXFileReference; fileEncoding = 4; lastKnownFileType = sourcecode.c.objc; name = "UIScrollView+SLKAdditions.m"; path = "Source/UIScrollView+SLKAdditions.m"; sourceTree = "<group>"; };
		384AA65A1F306BB70092E1CD /* UIView+SLKAdditions.h */ = {isa = PBXFileReference; fileEncoding = 4; lastKnownFileType = sourcecode.c.h; name = "UIView+SLKAdditions.h"; path = "Source/UIView+SLKAdditions.h"; sourceTree = "<group>"; };
		384AA65B1F306BB70092E1CD /* UIView+SLKAdditions.m */ = {isa = PBXFileReference; fileEncoding = 4; lastKnownFileType = sourcecode.c.objc; name = "UIView+SLKAdditions.m"; path = "Source/UIView+SLKAdditions.m"; sourceTree = "<group>"; };
		384AA65C1F306BB70092E1CD /* Info.plist */ = {isa = PBXFileReference; fileEncoding = 4; lastKnownFileType = text.plist.xml; path = Info.plist; sourceTree = "<group>"; };
		384AA65D1F306BB70092E1CD /* SlackTextViewController.modulemap */ = {isa = PBXFileReference; fileEncoding = 4; lastKnownFileType = "sourcecode.module-map"; path = SlackTextViewController.modulemap; sourceTree = "<group>"; };
		384AA65E1F306BB70092E1CD /* SlackTextViewController.xcconfig */ = {isa = PBXFileReference; fileEncoding = 4; lastKnownFileType = text.xcconfig; path = SlackTextViewController.xcconfig; sourceTree = "<group>"; };
		384AA65F1F306BB70092E1CD /* SlackTextViewController-dummy.m */ = {isa = PBXFileReference; fileEncoding = 4; lastKnownFileType = sourcecode.c.objc; path = "SlackTextViewController-dummy.m"; sourceTree = "<group>"; };
		384AA6601F306BB70092E1CD /* SlackTextViewController-prefix.pch */ = {isa = PBXFileReference; fileEncoding = 4; lastKnownFileType = sourcecode.c.h; path = "SlackTextViewController-prefix.pch"; sourceTree = "<group>"; };
		384AA6611F306BB70092E1CD /* SlackTextViewController-umbrella.h */ = {isa = PBXFileReference; fileEncoding = 4; lastKnownFileType = sourcecode.c.h; path = "SlackTextViewController-umbrella.h"; sourceTree = "<group>"; };
		384AA6711F306BBF0092E1CD /* LoremIpsum.h */ = {isa = PBXFileReference; fileEncoding = 4; lastKnownFileType = sourcecode.c.h; name = LoremIpsum.h; path = LoremIpsum/LoremIpsum.h; sourceTree = "<group>"; };
		384AA6721F306BBF0092E1CD /* LoremIpsum.m */ = {isa = PBXFileReference; fileEncoding = 4; lastKnownFileType = sourcecode.c.objc; name = LoremIpsum.m; path = LoremIpsum/LoremIpsum.m; sourceTree = "<group>"; };
		384AA6731F306BBF0092E1CD /* Info.plist */ = {isa = PBXFileReference; fileEncoding = 4; lastKnownFileType = text.plist.xml; path = Info.plist; sourceTree = "<group>"; };
		384AA6741F306BBF0092E1CD /* LoremIpsum.modulemap */ = {isa = PBXFileReference; fileEncoding = 4; lastKnownFileType = "sourcecode.module-map"; path = LoremIpsum.modulemap; sourceTree = "<group>"; };
		384AA6751F306BBF0092E1CD /* LoremIpsum.xcconfig */ = {isa = PBXFileReference; fileEncoding = 4; lastKnownFileType = text.xcconfig; path = LoremIpsum.xcconfig; sourceTree = "<group>"; };
		384AA6761F306BBF0092E1CD /* LoremIpsum-dummy.m */ = {isa = PBXFileReference; fileEncoding = 4; lastKnownFileType = sourcecode.c.objc; path = "LoremIpsum-dummy.m"; sourceTree = "<group>"; };
		384AA6771F306BBF0092E1CD /* LoremIpsum-prefix.pch */ = {isa = PBXFileReference; fileEncoding = 4; lastKnownFileType = sourcecode.c.h; path = "LoremIpsum-prefix.pch"; sourceTree = "<group>"; };
		384AA6781F306BBF0092E1CD /* LoremIpsum-umbrella.h */ = {isa = PBXFileReference; fileEncoding = 4; lastKnownFileType = sourcecode.c.h; path = "LoremIpsum-umbrella.h"; sourceTree = "<group>"; };
		384AA6871F3129990092E1CD /* GoogleService-Info.plist */ = {isa = PBXFileReference; fileEncoding = 4; lastKnownFileType = text.plist.xml; path = "GoogleService-Info.plist"; sourceTree = "<group>"; };
		384AA6891F312EB00092E1CD /* Chat.swift */ = {isa = PBXFileReference; fileEncoding = 4; lastKnownFileType = sourcecode.swift; path = Chat.swift; sourceTree = "<group>"; };
		384AA68B1F312F160092E1CD /* Message.swift */ = {isa = PBXFileReference; fileEncoding = 4; lastKnownFileType = sourcecode.swift; path = Message.swift; sourceTree = "<group>"; };
		384AA68D1F312FF60092E1CD /* ChatService.swift */ = {isa = PBXFileReference; fileEncoding = 4; lastKnownFileType = sourcecode.swift; path = ChatService.swift; sourceTree = "<group>"; };
		384AA6911F3139830092E1CD /* ChatListCell.swift */ = {isa = PBXFileReference; fileEncoding = 4; lastKnownFileType = sourcecode.swift; path = ChatListCell.swift; sourceTree = "<group>"; };
		384AA6931F313FD90092E1CD /* NewChatViewController.swift */ = {isa = PBXFileReference; fileEncoding = 4; lastKnownFileType = sourcecode.swift; path = NewChatViewController.swift; sourceTree = "<group>"; };
		384AA6951F31465D0092E1CD /* NewChatUserCell.swift */ = {isa = PBXFileReference; fileEncoding = 4; lastKnownFileType = sourcecode.swift; path = NewChatUserCell.swift; sourceTree = "<group>"; };
		384AA6971F31490E0092E1CD /* ChatViewController.swift */ = {isa = PBXFileReference; fileEncoding = 4; lastKnownFileType = sourcecode.swift; path = ChatViewController.swift; sourceTree = "<group>"; };
		384AA6991F3243890092E1CD /* ChatListViewController.swift */ = {isa = PBXFileReference; fileEncoding = 4; lastKnownFileType = sourcecode.swift; name = ChatListViewController.swift; path = WICS/ChatListViewController.swift; sourceTree = "<group>"; };
		384AA69B1F32CDB10092E1CD /* APIClient.swift */ = {isa = PBXFileReference; fileEncoding = 4; lastKnownFileType = sourcecode.swift; path = APIClient.swift; sourceTree = "<group>"; };
		384AA69D1F339CB80092E1CD /* Utils.swift */ = {isa = PBXFileReference; fileEncoding = 4; lastKnownFileType = sourcecode.swift; path = Utils.swift; sourceTree = "<group>"; };
		384AA69F1F33BE170092E1CD /* String.swift */ = {isa = PBXFileReference; fileEncoding = 4; lastKnownFileType = sourcecode.swift; path = String.swift; sourceTree = "<group>"; };
		384AA6A11F33D0A30092E1CD /* NSURL.swift */ = {isa = PBXFileReference; fileEncoding = 4; lastKnownFileType = sourcecode.swift; path = NSURL.swift; sourceTree = "<group>"; };
		3864F8A41F3914F30041D21C /* GraphApiVC.swift */ = {isa = PBXFileReference; fileEncoding = 4; lastKnownFileType = sourcecode.swift; path = GraphApiVC.swift; sourceTree = "<group>"; };
		3864F8B11F3BA9D40041D21C /* APIGraphObjects.swift */ = {isa = PBXFileReference; fileEncoding = 4; lastKnownFileType = sourcecode.swift; path = APIGraphObjects.swift; sourceTree = "<group>"; };
		3864F8B31F3CED150041D21C /* WICS.entitlements */ = {isa = PBXFileReference; lastKnownFileType = text.plist.entitlements; path = WICS.entitlements; sourceTree = "<group>"; };
		388C9D551F13EAF8002C1164 /* WICS.app */ = {isa = PBXFileReference; explicitFileType = wrapper.application; includeInIndex = 0; path = WICS.app; sourceTree = BUILT_PRODUCTS_DIR; };
		388C9D581F13EAF8002C1164 /* AppDelegate.swift */ = {isa = PBXFileReference; lastKnownFileType = sourcecode.swift; path = AppDelegate.swift; sourceTree = "<group>"; };
		388C9D5A1F13EAF8002C1164 /* ViewController.swift */ = {isa = PBXFileReference; lastKnownFileType = sourcecode.swift; name = ViewController.swift; path = WICS/ViewController.swift; sourceTree = "<group>"; };
		388C9D5D1F13EAF8002C1164 /* Base */ = {isa = PBXFileReference; lastKnownFileType = file.storyboard; name = Base; path = Base.lproj/Main.storyboard; sourceTree = "<group>"; };
		388C9D5F1F13EAF8002C1164 /* Assets.xcassets */ = {isa = PBXFileReference; lastKnownFileType = folder.assetcatalog; path = Assets.xcassets; sourceTree = "<group>"; };
		388C9D621F13EAF8002C1164 /* Base */ = {isa = PBXFileReference; lastKnownFileType = file.storyboard; name = Base; path = Base.lproj/LaunchScreen.storyboard; sourceTree = "<group>"; };
		388C9D641F13EAF8002C1164 /* Info.plist */ = {isa = PBXFileReference; lastKnownFileType = text.plist.xml; path = Info.plist; sourceTree = "<group>"; };
		388C9D761F1536F8002C1164 /* LoginViewController.swift */ = {isa = PBXFileReference; fileEncoding = 4; lastKnownFileType = sourcecode.swift; name = LoginViewController.swift; path = WICS/LoginViewController.swift; sourceTree = "<group>"; };
		388C9D781F153728002C1164 /* Login.storyboard */ = {isa = PBXFileReference; fileEncoding = 4; lastKnownFileType = file.storyboard; name = Login.storyboard; path = WICS/Login.storyboard; sourceTree = "<group>"; };
		38E353EC1F2703F900FBA056 /* AddressDecoder.swift */ = {isa = PBXFileReference; fileEncoding = 4; lastKnownFileType = sourcecode.swift; path = AddressDecoder.swift; sourceTree = "<group>"; };
		C669F13B24C3BE00CAA12DEA /* Pods_WICS.framework */ = {isa = PBXFileReference; explicitFileType = wrapper.framework; includeInIndex = 0; path = Pods_WICS.framework; sourceTree = BUILT_PRODUCTS_DIR; };
		E344AFB4E428AD32A379327B /* Pods-WICS.release.xcconfig */ = {isa = PBXFileReference; includeInIndex = 1; lastKnownFileType = text.xcconfig; name = "Pods-WICS.release.xcconfig"; path = "Pods/Target Support Files/Pods-WICS/Pods-WICS.release.xcconfig"; sourceTree = "<group>"; };
/* End PBXFileReference section */

/* Begin PBXFrameworksBuildPhase section */
		388C9D521F13EAF8002C1164 /* Frameworks */ = {
			isa = PBXFrameworksBuildPhase;
			buildActionMask = 2147483647;
			files = (
				6066344BCBE3D2BE9BCD5EA2 /* Pods_WICS.framework in Frameworks */,
			);
			runOnlyForDeploymentPostprocessing = 0;
		};
/* End PBXFrameworksBuildPhase section */

/* Begin PBXGroup section */
		380F67AB1F16883400DBD5EC /* Models */ = {
			isa = PBXGroup;
			children = (
				380F67AC1F16886100DBD5EC /* User.swift */,
				380F67C41F1ED53000DBD5EC /* Post.swift */,
				384AA6891F312EB00092E1CD /* Chat.swift */,
				384AA68B1F312F160092E1CD /* Message.swift */,
			);
			name = Models;
			sourceTree = "<group>";
		};
		380F67B41F17EF1D00DBD5EC /* Extensions */ = {
			isa = PBXGroup;
			children = (
				380F67B51F17EF4100DBD5EC /* Storyboard+Utility.swift */,
				380F67C81F1FFC2100DBD5EC /* StorageReference+Post.swift */,
				380F67D41F20474900DBD5EC /* notes.strings */,
				38E353EC1F2703F900FBA056 /* AddressDecoder.swift */,
			);
			name = Extensions;
			sourceTree = "<group>";
		};
		380F67BB1F19757500DBD5EC /* Views */ = {
			isa = PBXGroup;
			children = (
				380F67BC1F19881500DBD5EC /* BounceCAT.swift */,
				380F67BE1F1D20F600DBD5EC /* DimmingPC.swift */,
				380F67C01F1D231A00DBD5EC /* GradientView.swift */,
				380F67C21F1D26AA00DBD5EC /* SlideOutCAT.swift */,
				380F67CA1F200BAD00DBD5EC /* PostHeaderCell.swift */,
				380F67CE1F20101300DBD5EC /* PostDisplayCell.swift */,
				380F67D01F2016FD00DBD5EC /* PostActionCell.swift */,
				380F67DC1F21E1EA00DBD5EC /* NetworkTableViewCell.swift */,
				384AA6911F3139830092E1CD /* ChatListCell.swift */,
				384AA6951F31465D0092E1CD /* NewChatUserCell.swift */,
			);
			name = Views;
			sourceTree = "<group>";
		};
		384AA56A1F2BAB870092E1CD /* Helpers */ = {
			isa = PBXGroup;
			children = (
				384AA56B1F2BAB960092E1CD /* LocationManager.swift */,
				384AA69B1F32CDB10092E1CD /* APIClient.swift */,
				3864F8A41F3914F30041D21C /* GraphApiVC.swift */,
				384AA69D1F339CB80092E1CD /* Utils.swift */,
				384AA69F1F33BE170092E1CD /* String.swift */,
				384AA6A11F33D0A30092E1CD /* NSURL.swift */,
				3864F8B11F3BA9D40041D21C /* APIGraphObjects.swift */,
			);
			name = Helpers;
			sourceTree = "<group>";
		};
		384AA5B91F2FF3230092E1CD /* Messenger */ = {
			isa = PBXGroup;
			children = (
				384AA5C41F3048ED0092E1CD /* MessageViewController.swift */,
			);
			name = Messenger;
			path = WICS;
			sourceTree = "<group>";
		};
		384AA6391F30696F0092E1CD /* Message */ = {
			isa = PBXGroup;
			children = (
				384AA63A1F30698C0092E1CD /* Message.h */,
				384AA6431F306ACD0092E1CD /* TypingIndicatorView.h */,
				384AA6441F306AF50092E1CD /* TypingIndicatorView.m */,
				384AA63B1F3069BE0092E1CD /* Message.m */,
				384AA63D1F3069E00092E1CD /* MessageTableViewCell.m */,
				384AA63F1F306A060092E1CD /* MessageTableViewCell.h */,
				384AA6401F306A730092E1CD /* MessageTextView.h */,
				384AA6411F306A940092E1CD /* MessageTextView.m */,
			);
			name = Message;
			sourceTree = "<group>";
		};
		384AA6621F306BB70092E1CD /* Support Files */ = {
			isa = PBXGroup;
			children = (
				384AA65C1F306BB70092E1CD /* Info.plist */,
				384AA65D1F306BB70092E1CD /* SlackTextViewController.modulemap */,
				384AA65E1F306BB70092E1CD /* SlackTextViewController.xcconfig */,
				384AA65F1F306BB70092E1CD /* SlackTextViewController-dummy.m */,
				384AA6601F306BB70092E1CD /* SlackTextViewController-prefix.pch */,
				384AA6611F306BB70092E1CD /* SlackTextViewController-umbrella.h */,
			);
			name = "Support Files";
			path = "../Target Support Files/SlackTextViewController";
			sourceTree = "<group>";
		};
		384AA6631F306BB70092E1CD /* SlackTextViewController */ = {
			isa = PBXGroup;
			children = (
				384AA6461F306BB70092E1CD /* SLKInputAccessoryView.h */,
				384AA6471F306BB70092E1CD /* SLKInputAccessoryView.m */,
				384AA6481F306BB70092E1CD /* SLKTextInput.h */,
				384AA6491F306BB70092E1CD /* SLKTextInput+Implementation.m */,
				384AA64A1F306BB70092E1CD /* SLKTextInputbar.h */,
				384AA64B1F306BB70092E1CD /* SLKTextInputbar.m */,
				384AA64C1F306BB70092E1CD /* SLKTextView.h */,
				384AA64D1F306BB70092E1CD /* SLKTextView.m */,
				384AA64E1F306BB70092E1CD /* SLKTextView+SLKAdditions.h */,
				384AA64F1F306BB70092E1CD /* SLKTextView+SLKAdditions.m */,
				384AA6501F306BB70092E1CD /* SLKTextViewController.h */,
				384AA6511F306BB70092E1CD /* SLKTextViewController.m */,
				384AA6521F306BB70092E1CD /* SLKTypingIndicatorProtocol.h */,
				384AA6531F306BB70092E1CD /* SLKTypingIndicatorView.h */,
				384AA6541F306BB70092E1CD /* SLKTypingIndicatorView.m */,
				384AA6551F306BB70092E1CD /* SLKUIConstants.h */,
				384AA6561F306BB70092E1CD /* UIResponder+SLKAdditions.h */,
				384AA6571F306BB70092E1CD /* UIResponder+SLKAdditions.m */,
				384AA6581F306BB70092E1CD /* UIScrollView+SLKAdditions.h */,
				384AA6591F306BB70092E1CD /* UIScrollView+SLKAdditions.m */,
				384AA65A1F306BB70092E1CD /* UIView+SLKAdditions.h */,
				384AA65B1F306BB70092E1CD /* UIView+SLKAdditions.m */,
				384AA6621F306BB70092E1CD /* Support Files */,
			);
			name = SlackTextViewController;
			path = ../Pods/SlackTextViewController;
			sourceTree = "<group>";
		};
		384AA6791F306BBF0092E1CD /* Support Files */ = {
			isa = PBXGroup;
			children = (
				384AA6731F306BBF0092E1CD /* Info.plist */,
				384AA6741F306BBF0092E1CD /* LoremIpsum.modulemap */,
				384AA6751F306BBF0092E1CD /* LoremIpsum.xcconfig */,
				384AA6761F306BBF0092E1CD /* LoremIpsum-dummy.m */,
				384AA6771F306BBF0092E1CD /* LoremIpsum-prefix.pch */,
				384AA6781F306BBF0092E1CD /* LoremIpsum-umbrella.h */,
			);
			name = "Support Files";
			path = "../Target Support Files/LoremIpsum";
			sourceTree = "<group>";
		};
		384AA67A1F306BBF0092E1CD /* LoremIpsum */ = {
			isa = PBXGroup;
			children = (
				384AA6711F306BBF0092E1CD /* LoremIpsum.h */,
				384AA6721F306BBF0092E1CD /* LoremIpsum.m */,
				384AA6791F306BBF0092E1CD /* Support Files */,
			);
			name = LoremIpsum;
			path = ../Pods/LoremIpsum;
			sourceTree = "<group>";
		};
		388C9D4C1F13EAF8002C1164 = {
			isa = PBXGroup;
			children = (
				388C9D571F13EAF8002C1164 /* WICS */,
				388C9D561F13EAF8002C1164 /* Products */,
				63CCC4CAF608A70CEAA5DCF9 /* Pods */,
				FAE650C8610074CE67389C94 /* Frameworks */,
			);
			sourceTree = "<group>";
		};
		388C9D561F13EAF8002C1164 /* Products */ = {
			isa = PBXGroup;
			children = (
				388C9D551F13EAF8002C1164 /* WICS.app */,
			);
			name = Products;
			sourceTree = "<group>";
		};
		388C9D571F13EAF8002C1164 /* WICS */ = {
			isa = PBXGroup;
			children = (
				3864F8B31F3CED150041D21C /* WICS.entitlements */,
				384AA6391F30696F0092E1CD /* Message */,
				384AA56A1F2BAB870092E1CD /* Helpers */,
				380F67BB1F19757500DBD5EC /* Views */,
				380F67B41F17EF1D00DBD5EC /* Extensions */,
				380F67AB1F16883400DBD5EC /* Models */,
				388C9D581F13EAF8002C1164 /* AppDelegate.swift */,
				388C9D6F1F14914E002C1164 /* Services */,
				388C9D6E1F149145002C1164 /* Supporting files */,
				388C9D6D1F149138002C1164 /* View Controllers */,
				388C9D6C1F149127002C1164 /* Storyboards */,
				388C9D5F1F13EAF8002C1164 /* Assets.xcassets */,
				388C9D641F13EAF8002C1164 /* Info.plist */,
				384AA6871F3129990092E1CD /* GoogleService-Info.plist */,
				384AA5C61F30564B0092E1CD /* WICS-Bridging-MyHeader.h */,
				384AA67A1F306BBF0092E1CD /* LoremIpsum */,
				384AA6631F306BB70092E1CD /* SlackTextViewController */,
			);
			path = WICS;
			sourceTree = "<group>";
		};
		388C9D6C1F149127002C1164 /* Storyboards */ = {
			isa = PBXGroup;
			children = (
				388C9D5C1F13EAF8002C1164 /* Main.storyboard */,
				388C9D781F153728002C1164 /* Login.storyboard */,
				388C9D611F13EAF8002C1164 /* LaunchScreen.storyboard */,
			);
			name = Storyboards;
			path = ..;
			sourceTree = "<group>";
		};
		388C9D6D1F149138002C1164 /* View Controllers */ = {
			isa = PBXGroup;
			children = (
				384AA5681F2BAB730092E1CD /* SearchViewController.swift */,
				384AA5661F2BAB680092E1CD /* NetworkViewController.swift */,
				388C9D761F1536F8002C1164 /* LoginViewController.swift */,
				388C9D5A1F13EAF8002C1164 /* ViewController.swift */,
				380F67AE1F16A33B00DBD5EC /* CreateUsernameViewController.swift */,
				380F67B71F18218600DBD5EC /* MainViewController.swift */,
				380F67B91F194BCC00DBD5EC /* EditPostVC.swift */,
				384AA55D1F28750C0092E1CD /* NearbyViewController.swift */,
				384AA6991F3243890092E1CD /* ChatListViewController.swift */,
				384AA6931F313FD90092E1CD /* NewChatViewController.swift */,
				384AA6971F31490E0092E1CD /* ChatViewController.swift */,
				384AA5B91F2FF3230092E1CD /* Messenger */,
			);
			name = "View Controllers";
			path = ..;
			sourceTree = "<group>";
		};
		388C9D6E1F149145002C1164 /* Supporting files */ = {
			isa = PBXGroup;
			children = (
				380F67B21F17EEAB00DBD5EC /* Constants.swift */,
			);
			name = "Supporting files";
			path = ..;
			sourceTree = "<group>";
		};
		388C9D6F1F14914E002C1164 /* Services */ = {
			isa = PBXGroup;
			children = (
				384AA5641F2BAB510092E1CD /* LikeService.swift */,
				380F67B01F16E5DE00DBD5EC /* UserService.swift */,
				380F67C61F1F408400DBD5EC /* PostService.swift */,
				380F67D21F2025C100DBD5EC /* StorageService.swift */,
				380F67D81F21DA2C00DBD5EC /* FollowService.swift */,
				384AA68D1F312FF60092E1CD /* ChatService.swift */,
			);
			name = Services;
			path = ..;
			sourceTree = "<group>";
		};
		63CCC4CAF608A70CEAA5DCF9 /* Pods */ = {
			isa = PBXGroup;
			children = (
				1792BB123BADB3AAA5309E3B /* Pods-WICS.debug.xcconfig */,
				E344AFB4E428AD32A379327B /* Pods-WICS.release.xcconfig */,
			);
			name = Pods;
			sourceTree = "<group>";
		};
		FAE650C8610074CE67389C94 /* Frameworks */ = {
			isa = PBXGroup;
			children = (
				C669F13B24C3BE00CAA12DEA /* Pods_WICS.framework */,
			);
			name = Frameworks;
			sourceTree = "<group>";
		};
/* End PBXGroup section */

/* Begin PBXNativeTarget section */
		388C9D541F13EAF8002C1164 /* WICS */ = {
			isa = PBXNativeTarget;
			buildConfigurationList = 388C9D671F13EAF8002C1164 /* Build configuration list for PBXNativeTarget "WICS" */;
			buildPhases = (
				9DD5199263242FC8E29A18CF /* [CP] Check Pods Manifest.lock */,
				388C9D511F13EAF8002C1164 /* Sources */,
				388C9D521F13EAF8002C1164 /* Frameworks */,
				388C9D531F13EAF8002C1164 /* Resources */,
				6FCE7CB8719A8E1C3B588601 /* [CP] Embed Pods Frameworks */,
				628B29601C94C2DD797871D9 /* [CP] Copy Pods Resources */,
			);
			buildRules = (
			);
			dependencies = (
			);
			name = WICS;
			productName = WICS;
			productReference = 388C9D551F13EAF8002C1164 /* WICS.app */;
			productType = "com.apple.product-type.application";
		};
/* End PBXNativeTarget section */

/* Begin PBXProject section */
		388C9D4D1F13EAF8002C1164 /* Project object */ = {
			isa = PBXProject;
			attributes = {
				LastSwiftUpdateCheck = 0830;
				LastUpgradeCheck = 0830;
				ORGANIZATIONNAME = "";
				TargetAttributes = {
					388C9D541F13EAF8002C1164 = {
						CreatedOnToolsVersion = 8.3.3;
						DevelopmentTeam = 83CN769XLY;
						ProvisioningStyle = Manual;
						SystemCapabilities = {
							com.apple.BackgroundModes = {
								enabled = 0;
							};
							com.apple.Push = {
								enabled = 1;
							};
						};
					};
				};
			};
			buildConfigurationList = 388C9D501F13EAF8002C1164 /* Build configuration list for PBXProject "WICS" */;
			compatibilityVersion = "Xcode 3.2";
			developmentRegion = English;
			hasScannedForEncodings = 0;
			knownRegions = (
				en,
				Base,
			);
			mainGroup = 388C9D4C1F13EAF8002C1164;
			productRefGroup = 388C9D561F13EAF8002C1164 /* Products */;
			projectDirPath = "";
			projectRoot = "";
			targets = (
				388C9D541F13EAF8002C1164 /* WICS */,
			);
		};
/* End PBXProject section */

/* Begin PBXResourcesBuildPhase section */
		388C9D531F13EAF8002C1164 /* Resources */ = {
			isa = PBXResourcesBuildPhase;
			buildActionMask = 2147483647;
			files = (
				388C9D631F13EAF8002C1164 /* LaunchScreen.storyboard in Resources */,
				384AA67C1F306BBF0092E1CD /* Info.plist in Resources */,
				384AA66F1F306BB70092E1CD /* SlackTextViewController.xcconfig in Resources */,
				380F67D51F20474900DBD5EC /* notes.strings in Resources */,
				388C9D601F13EAF8002C1164 /* Assets.xcassets in Resources */,
				388C9D791F153728002C1164 /* Login.storyboard in Resources */,
				384AA67D1F306BBF0092E1CD /* LoremIpsum.xcconfig in Resources */,
				384AA6881F3129990092E1CD /* GoogleService-Info.plist in Resources */,
				388C9D5E1F13EAF8002C1164 /* Main.storyboard in Resources */,
				384AA66E1F306BB70092E1CD /* Info.plist in Resources */,
			);
			runOnlyForDeploymentPostprocessing = 0;
		};
/* End PBXResourcesBuildPhase section */

/* Begin PBXShellScriptBuildPhase section */
		628B29601C94C2DD797871D9 /* [CP] Copy Pods Resources */ = {
			isa = PBXShellScriptBuildPhase;
			buildActionMask = 2147483647;
			files = (
			);
			inputPaths = (
				"${SRCROOT}/Pods/Target Support Files/Pods-WICS/Pods-WICS-resources.sh",
				$PODS_CONFIGURATION_BUILD_DIR/FirebaseUI/FirebaseAuthUI.bundle,
				$PODS_CONFIGURATION_BUILD_DIR/FirebaseUI/FirebaseFacebookAuthUI.bundle,
				"${PODS_ROOT}/GooglePlaces/Frameworks/GooglePlaces.framework/Versions/A/Resources/GooglePlaces.bundle",
				"${PODS_ROOT}/GoogleSignIn/Resources/GoogleSignIn.bundle",
			);
			name = "[CP] Copy Pods Resources";
			outputPaths = (
				"${TARGET_BUILD_DIR}/${UNLOCALIZED_RESOURCES_FOLDER_PATH}",
			);
			runOnlyForDeploymentPostprocessing = 0;
			shellPath = /bin/sh;
			shellScript = "\"${SRCROOT}/Pods/Target Support Files/Pods-WICS/Pods-WICS-resources.sh\"\n";
			showEnvVarsInLog = 0;
		};
		6FCE7CB8719A8E1C3B588601 /* [CP] Embed Pods Frameworks */ = {
			isa = PBXShellScriptBuildPhase;
			buildActionMask = 2147483647;
			files = (
			);
			inputPaths = (
				"${SRCROOT}/Pods/Target Support Files/Pods-WICS/Pods-WICS-frameworks.sh",
				"${BUILT_PRODUCTS_DIR}/Alamofire/Alamofire.framework",
				"${BUILT_PRODUCTS_DIR}/Bolts/Bolts.framework",
				"${BUILT_PRODUCTS_DIR}/FBSDKCoreKit/FBSDKCoreKit.framework",
				"${BUILT_PRODUCTS_DIR}/FBSDKLoginKit/FBSDKLoginKit.framework",
				"${BUILT_PRODUCTS_DIR}/FacebookCore/FacebookCore.framework",
				"${BUILT_PRODUCTS_DIR}/FacebookLogin/FacebookLogin.framework",
				"${BUILT_PRODUCTS_DIR}/GTMOAuth2/GTMOAuth2.framework",
				"${BUILT_PRODUCTS_DIR}/GTMSessionFetcher/GTMSessionFetcher.framework",
				"${BUILT_PRODUCTS_DIR}/GoogleToolboxForMac/GoogleToolboxForMac.framework",
				"${BUILT_PRODUCTS_DIR}/JSQMessagesViewController/JSQMessagesViewController.framework",
				"${BUILT_PRODUCTS_DIR}/JSQSystemSoundPlayer/JSQSystemSoundPlayer.framework",
				"${BUILT_PRODUCTS_DIR}/Kingfisher/Kingfisher.framework",
				"${BUILT_PRODUCTS_DIR}/LoremIpsum/LoremIpsum.framework",
				"${BUILT_PRODUCTS_DIR}/SlackTextViewController/SlackTextViewController.framework",
				"${BUILT_PRODUCTS_DIR}/SwiftyJSON/SwiftyJSON.framework",
			);
			name = "[CP] Embed Pods Frameworks";
			outputPaths = (
				"${TARGET_BUILD_DIR}/${FRAMEWORKS_FOLDER_PATH}/Alamofire.framework",
				"${TARGET_BUILD_DIR}/${FRAMEWORKS_FOLDER_PATH}/Bolts.framework",
				"${TARGET_BUILD_DIR}/${FRAMEWORKS_FOLDER_PATH}/FBSDKCoreKit.framework",
				"${TARGET_BUILD_DIR}/${FRAMEWORKS_FOLDER_PATH}/FBSDKLoginKit.framework",
				"${TARGET_BUILD_DIR}/${FRAMEWORKS_FOLDER_PATH}/FacebookCore.framework",
				"${TARGET_BUILD_DIR}/${FRAMEWORKS_FOLDER_PATH}/FacebookLogin.framework",
				"${TARGET_BUILD_DIR}/${FRAMEWORKS_FOLDER_PATH}/GTMOAuth2.framework",
				"${TARGET_BUILD_DIR}/${FRAMEWORKS_FOLDER_PATH}/GTMSessionFetcher.framework",
				"${TARGET_BUILD_DIR}/${FRAMEWORKS_FOLDER_PATH}/GoogleToolboxForMac.framework",
				"${TARGET_BUILD_DIR}/${FRAMEWORKS_FOLDER_PATH}/JSQMessagesViewController.framework",
				"${TARGET_BUILD_DIR}/${FRAMEWORKS_FOLDER_PATH}/JSQSystemSoundPlayer.framework",
				"${TARGET_BUILD_DIR}/${FRAMEWORKS_FOLDER_PATH}/Kingfisher.framework",
				"${TARGET_BUILD_DIR}/${FRAMEWORKS_FOLDER_PATH}/LoremIpsum.framework",
				"${TARGET_BUILD_DIR}/${FRAMEWORKS_FOLDER_PATH}/SlackTextViewController.framework",
				"${TARGET_BUILD_DIR}/${FRAMEWORKS_FOLDER_PATH}/SwiftyJSON.framework",
			);
			runOnlyForDeploymentPostprocessing = 0;
			shellPath = /bin/sh;
			shellScript = "\"${SRCROOT}/Pods/Target Support Files/Pods-WICS/Pods-WICS-frameworks.sh\"\n";
			showEnvVarsInLog = 0;
		};
		9DD5199263242FC8E29A18CF /* [CP] Check Pods Manifest.lock */ = {
			isa = PBXShellScriptBuildPhase;
			buildActionMask = 2147483647;
			files = (
			);
			inputPaths = (
				"${PODS_PODFILE_DIR_PATH}/Podfile.lock",
				"${PODS_ROOT}/Manifest.lock",
			);
			name = "[CP] Check Pods Manifest.lock";
			outputPaths = (
				"$(DERIVED_FILE_DIR)/Pods-WICS-checkManifestLockResult.txt",
			);
			runOnlyForDeploymentPostprocessing = 0;
			shellPath = /bin/sh;
			shellScript = "diff \"${PODS_PODFILE_DIR_PATH}/Podfile.lock\" \"${PODS_ROOT}/Manifest.lock\" > /dev/null\nif [ $? != 0 ] ; then\n    # print error to STDERR\n    echo \"error: The sandbox is not in sync with the Podfile.lock. Run 'pod install' or update your CocoaPods installation.\" >&2\n    exit 1\nfi\n# This output is used by Xcode 'outputs' to avoid re-running this script phase.\necho \"SUCCESS\" > \"${SCRIPT_OUTPUT_FILE_0}\"\n";
			showEnvVarsInLog = 0;
		};
/* End PBXShellScriptBuildPhase section */

/* Begin PBXSourcesBuildPhase section */
		388C9D511F13EAF8002C1164 /* Sources */ = {
			isa = PBXSourcesBuildPhase;
			buildActionMask = 2147483647;
			files = (
				384AA6A01F33BE170092E1CD /* String.swift in Sources */,
				380F67AD1F16886100DBD5EC /* User.swift in Sources */,
				384AA66B1F306BB70092E1CD /* UIResponder+SLKAdditions.m in Sources */,
				380F67C31F1D26AA00DBD5EC /* SlideOutCAT.swift in Sources */,
				384AA6941F313FD90092E1CD /* NewChatViewController.swift in Sources */,
				380F67BA1F194BCD00DBD5EC /* EditPostVC.swift in Sources */,
				380F67C71F1F408400DBD5EC /* PostService.swift in Sources */,
				384AA6A21F33D0A30092E1CD /* NSURL.swift in Sources */,
				388C9D771F1536F8002C1164 /* LoginViewController.swift in Sources */,
				384AA67E1F306BBF0092E1CD /* LoremIpsum-dummy.m in Sources */,
				380F67D91F21DA2C00DBD5EC /* FollowService.swift in Sources */,
				384AA56C1F2BAB960092E1CD /* LocationManager.swift in Sources */,
				384AA55E1F28750C0092E1CD /* NearbyViewController.swift in Sources */,
				384AA6691F306BB70092E1CD /* SLKTextViewController.m in Sources */,
				384AA67B1F306BBF0092E1CD /* LoremIpsum.m in Sources */,
				384AA6981F31490E0092E1CD /* ChatViewController.swift in Sources */,
				384AA6651F306BB70092E1CD /* SLKTextInput+Implementation.m in Sources */,
				380F67B11F16E5DE00DBD5EC /* UserService.swift in Sources */,
				3864F8B21F3BA9D40041D21C /* APIGraphObjects.swift in Sources */,
				38E353ED1F2703F900FBA056 /* AddressDecoder.swift in Sources */,
				384AA69E1F339CB80092E1CD /* Utils.swift in Sources */,
				384AA5671F2BAB680092E1CD /* NetworkViewController.swift in Sources */,
				384AA69A1F3243890092E1CD /* ChatListViewController.swift in Sources */,
				380F67C91F1FFC2100DBD5EC /* StorageReference+Post.swift in Sources */,
				384AA6921F3139830092E1CD /* ChatListCell.swift in Sources */,
				384AA6961F31465D0092E1CD /* NewChatUserCell.swift in Sources */,
				380F67D11F2016FD00DBD5EC /* PostActionCell.swift in Sources */,
				380F67B61F17EF4100DBD5EC /* Storyboard+Utility.swift in Sources */,
				384AA63C1F3069BE0092E1CD /* Message.m in Sources */,
				3864F8A51F3914F30041D21C /* GraphApiVC.swift in Sources */,
				388C9D5B1F13EAF8002C1164 /* ViewController.swift in Sources */,
				380F67CF1F20101300DBD5EC /* PostDisplayCell.swift in Sources */,
				384AA6421F306A940092E1CD /* MessageTextView.m in Sources */,
				384AA66D1F306BB70092E1CD /* UIView+SLKAdditions.m in Sources */,
				380F67BF1F1D20F600DBD5EC /* DimmingPC.swift in Sources */,
				384AA5651F2BAB510092E1CD /* LikeService.swift in Sources */,
				384AA6661F306BB70092E1CD /* SLKTextInputbar.m in Sources */,
				384AA68C1F312F160092E1CD /* Message.swift in Sources */,
				380F67B31F17EEAB00DBD5EC /* Constants.swift in Sources */,
				384AA6701F306BB70092E1CD /* SlackTextViewController-dummy.m in Sources */,
				380F67D31F2025C100DBD5EC /* StorageService.swift in Sources */,
				384AA66C1F306BB70092E1CD /* UIScrollView+SLKAdditions.m in Sources */,
				380F67C51F1ED53000DBD5EC /* Post.swift in Sources */,
				384AA68E1F312FF60092E1CD /* ChatService.swift in Sources */,
				384AA66A1F306BB70092E1CD /* SLKTypingIndicatorView.m in Sources */,
				384AA6451F306AF50092E1CD /* TypingIndicatorView.m in Sources */,
				380F67B81F18218600DBD5EC /* MainViewController.swift in Sources */,
				380F67BD1F19881500DBD5EC /* BounceCAT.swift in Sources */,
				384AA69C1F32CDB10092E1CD /* APIClient.swift in Sources */,
				384AA6671F306BB70092E1CD /* SLKTextView.m in Sources */,
				384AA68A1F312EB00092E1CD /* Chat.swift in Sources */,
				380F67C11F1D231A00DBD5EC /* GradientView.swift in Sources */,
				384AA63E1F3069E00092E1CD /* MessageTableViewCell.m in Sources */,
				384AA5C51F3048ED0092E1CD /* MessageViewController.swift in Sources */,
				380F67AF1F16A33B00DBD5EC /* CreateUsernameViewController.swift in Sources */,
				380F67CB1F200BAD00DBD5EC /* PostHeaderCell.swift in Sources */,
				384AA6641F306BB70092E1CD /* SLKInputAccessoryView.m in Sources */,
				388C9D591F13EAF8002C1164 /* AppDelegate.swift in Sources */,
				380F67DD1F21E1EA00DBD5EC /* NetworkTableViewCell.swift in Sources */,
				384AA5691F2BAB730092E1CD /* SearchViewController.swift in Sources */,
				384AA6681F306BB70092E1CD /* SLKTextView+SLKAdditions.m in Sources */,
			);
			runOnlyForDeploymentPostprocessing = 0;
		};
/* End PBXSourcesBuildPhase section */

/* Begin PBXVariantGroup section */
		388C9D5C1F13EAF8002C1164 /* Main.storyboard */ = {
			isa = PBXVariantGroup;
			children = (
				388C9D5D1F13EAF8002C1164 /* Base */,
			);
			name = Main.storyboard;
			path = WICS;
			sourceTree = "<group>";
		};
		388C9D611F13EAF8002C1164 /* LaunchScreen.storyboard */ = {
			isa = PBXVariantGroup;
			children = (
				388C9D621F13EAF8002C1164 /* Base */,
			);
			name = LaunchScreen.storyboard;
			path = WICS;
			sourceTree = "<group>";
		};
/* End PBXVariantGroup section */

/* Begin XCBuildConfiguration section */
		388C9D651F13EAF8002C1164 /* Debug */ = {
			isa = XCBuildConfiguration;
			buildSettings = {
				ALWAYS_SEARCH_USER_PATHS = NO;
				CLANG_ANALYZER_NONNULL = YES;
				CLANG_ANALYZER_NUMBER_OBJECT_CONVERSION = YES_AGGRESSIVE;
				CLANG_CXX_LANGUAGE_STANDARD = "gnu++0x";
				CLANG_CXX_LIBRARY = "libc++";
				CLANG_ENABLE_MODULES = YES;
				CLANG_ENABLE_OBJC_ARC = YES;
				CLANG_WARN_BOOL_CONVERSION = YES;
				CLANG_WARN_CONSTANT_CONVERSION = YES;
				CLANG_WARN_DIRECT_OBJC_ISA_USAGE = YES_ERROR;
				CLANG_WARN_DOCUMENTATION_COMMENTS = YES;
				CLANG_WARN_EMPTY_BODY = YES;
				CLANG_WARN_ENUM_CONVERSION = YES;
				CLANG_WARN_INFINITE_RECURSION = YES;
				CLANG_WARN_INT_CONVERSION = YES;
				CLANG_WARN_OBJC_ROOT_CLASS = YES_ERROR;
				CLANG_WARN_SUSPICIOUS_MOVE = YES;
				CLANG_WARN_UNREACHABLE_CODE = YES;
				CLANG_WARN__DUPLICATE_METHOD_MATCH = YES;
				"CODE_SIGN_IDENTITY[sdk=iphoneos*]" = "iPhone Developer";
				COPY_PHASE_STRIP = NO;
				DEBUG_INFORMATION_FORMAT = dwarf;
				ENABLE_STRICT_OBJC_MSGSEND = YES;
				ENABLE_TESTABILITY = YES;
				GCC_C_LANGUAGE_STANDARD = gnu99;
				GCC_DYNAMIC_NO_PIC = NO;
				GCC_NO_COMMON_BLOCKS = YES;
				GCC_OPTIMIZATION_LEVEL = 0;
				GCC_PREPROCESSOR_DEFINITIONS = (
					"DEBUG=1",
					"$(inherited)",
				);
				GCC_WARN_64_TO_32_BIT_CONVERSION = YES;
				GCC_WARN_ABOUT_RETURN_TYPE = YES_ERROR;
				GCC_WARN_UNDECLARED_SELECTOR = YES;
				GCC_WARN_UNINITIALIZED_AUTOS = YES_AGGRESSIVE;
				GCC_WARN_UNUSED_FUNCTION = YES;
				GCC_WARN_UNUSED_VARIABLE = YES;
				IPHONEOS_DEPLOYMENT_TARGET = 10.3;
				MTL_ENABLE_DEBUG_INFO = YES;
				ONLY_ACTIVE_ARCH = YES;
				SDKROOT = iphoneos;
				SWIFT_ACTIVE_COMPILATION_CONDITIONS = DEBUG;
				SWIFT_OPTIMIZATION_LEVEL = "-Onone";
			};
			name = Debug;
		};
		388C9D661F13EAF8002C1164 /* Release */ = {
			isa = XCBuildConfiguration;
			buildSettings = {
				ALWAYS_SEARCH_USER_PATHS = NO;
				CLANG_ANALYZER_NONNULL = YES;
				CLANG_ANALYZER_NUMBER_OBJECT_CONVERSION = YES_AGGRESSIVE;
				CLANG_CXX_LANGUAGE_STANDARD = "gnu++0x";
				CLANG_CXX_LIBRARY = "libc++";
				CLANG_ENABLE_MODULES = YES;
				CLANG_ENABLE_OBJC_ARC = YES;
				CLANG_WARN_BOOL_CONVERSION = YES;
				CLANG_WARN_CONSTANT_CONVERSION = YES;
				CLANG_WARN_DIRECT_OBJC_ISA_USAGE = YES_ERROR;
				CLANG_WARN_DOCUMENTATION_COMMENTS = YES;
				CLANG_WARN_EMPTY_BODY = YES;
				CLANG_WARN_ENUM_CONVERSION = YES;
				CLANG_WARN_INFINITE_RECURSION = YES;
				CLANG_WARN_INT_CONVERSION = YES;
				CLANG_WARN_OBJC_ROOT_CLASS = YES_ERROR;
				CLANG_WARN_SUSPICIOUS_MOVE = YES;
				CLANG_WARN_UNREACHABLE_CODE = YES;
				CLANG_WARN__DUPLICATE_METHOD_MATCH = YES;
				"CODE_SIGN_IDENTITY[sdk=iphoneos*]" = "iPhone Developer";
				COPY_PHASE_STRIP = NO;
				DEBUG_INFORMATION_FORMAT = "dwarf-with-dsym";
				ENABLE_NS_ASSERTIONS = NO;
				ENABLE_STRICT_OBJC_MSGSEND = YES;
				GCC_C_LANGUAGE_STANDARD = gnu99;
				GCC_NO_COMMON_BLOCKS = YES;
				GCC_WARN_64_TO_32_BIT_CONVERSION = YES;
				GCC_WARN_ABOUT_RETURN_TYPE = YES_ERROR;
				GCC_WARN_UNDECLARED_SELECTOR = YES;
				GCC_WARN_UNINITIALIZED_AUTOS = YES_AGGRESSIVE;
				GCC_WARN_UNUSED_FUNCTION = YES;
				GCC_WARN_UNUSED_VARIABLE = YES;
				IPHONEOS_DEPLOYMENT_TARGET = 10.3;
				MTL_ENABLE_DEBUG_INFO = NO;
				SDKROOT = iphoneos;
				SWIFT_OPTIMIZATION_LEVEL = "-Owholemodule";
				VALIDATE_PRODUCT = YES;
			};
			name = Release;
		};
		388C9D681F13EAF8002C1164 /* Debug */ = {
			isa = XCBuildConfiguration;
			baseConfigurationReference = 1792BB123BADB3AAA5309E3B /* Pods-WICS.debug.xcconfig */;
			buildSettings = {
				ASSETCATALOG_COMPILER_APPICON_NAME = AppIcon;
				CODE_SIGN_ENTITLEMENTS = WICS/WICS.entitlements;
				"CODE_SIGN_IDENTITY[sdk=iphoneos*]" = "iPhone Developer";
				DEVELOPMENT_TEAM = 83CN769XLY;
				INFOPLIST_FILE = WICS/Info.plist;
				LD_RUNPATH_SEARCH_PATHS = "$(inherited) @executable_path/Frameworks";
				NEW_SETTING = "";
				PRODUCT_BUNDLE_IDENTIFIER = com.rosaliadupont.WICS;
				PRODUCT_NAME = "$(TARGET_NAME)";
				PROVISIONING_PROFILE = "16767e8a-ae03-436e-86bc-39b44337134c";
				PROVISIONING_PROFILE_SPECIFIER = DevelopmentProvision;
				SWIFT_OBJC_BRIDGING_HEADER = "WICS/WICS-Bridging-MyHeader.h";
				SWIFT_VERSION = 3.0;
				TARGETED_DEVICE_FAMILY = 1;
			};
			name = Debug;
		};
		388C9D691F13EAF8002C1164 /* Release */ = {
			isa = XCBuildConfiguration;
			baseConfigurationReference = E344AFB4E428AD32A379327B /* Pods-WICS.release.xcconfig */;
			buildSettings = {
				ASSETCATALOG_COMPILER_APPICON_NAME = AppIcon;
				CODE_SIGN_ENTITLEMENTS = WICS/WICS.entitlements;
				"CODE_SIGN_IDENTITY[sdk=iphoneos*]" = "iPhone Distribution";
				DEVELOPMENT_TEAM = 83CN769XLY;
				INFOPLIST_FILE = WICS/Info.plist;
				LD_RUNPATH_SEARCH_PATHS = "$(inherited) @executable_path/Frameworks";
				NEW_SETTING = "";
				PRODUCT_BUNDLE_IDENTIFIER = com.rosaliadupont.WICS;
				PRODUCT_NAME = "$(TARGET_NAME)";
				PROVISIONING_PROFILE = "027ebc5d-b699-49dd-bf5b-be64244f87bf";
				PROVISIONING_PROFILE_SPECIFIER = DistributionProvision;
				SWIFT_OBJC_BRIDGING_HEADER = "WICS/WICS-Bridging-MyHeader.h";
				SWIFT_VERSION = 3.0;
				TARGETED_DEVICE_FAMILY = 1;
			};
			name = Release;
		};
/* End XCBuildConfiguration section */

/* Begin XCConfigurationList section */
		388C9D501F13EAF8002C1164 /* Build configuration list for PBXProject "WICS" */ = {
			isa = XCConfigurationList;
			buildConfigurations = (
				388C9D651F13EAF8002C1164 /* Debug */,
				388C9D661F13EAF8002C1164 /* Release */,
			);
			defaultConfigurationIsVisible = 0;
			defaultConfigurationName = Release;
		};
		388C9D671F13EAF8002C1164 /* Build configuration list for PBXNativeTarget "WICS" */ = {
			isa = XCConfigurationList;
			buildConfigurations = (
				388C9D681F13EAF8002C1164 /* Debug */,
				388C9D691F13EAF8002C1164 /* Release */,
			);
			defaultConfigurationIsVisible = 0;
			defaultConfigurationName = Release;
		};
/* End XCConfigurationList section */
	};
	rootObject = 388C9D4D1F13EAF8002C1164 /* Project object */;
}
